
Microsoft Visual Studio Solution File, Format Version 12.00
# Visual Studio Version 16
VisualStudioVersion = 16.0.29020.237
MinimumVisualStudioVersion = 10.0.40219.1
Project("{9A19103F-16F7-4668-BE54-9A1E7A4F7556}") = "Piddle.Azure.Functions.Testing.ExampleHttpTrigger", "Piddle.Azure.Functions.Testing.ExampleHttpTrigger\Piddle.Azure.Functions.Testing.ExampleHttpTrigger.csproj", "{4CEF1081-211F-4A84-9CFC-83071E8DBEAC}"
EndProject
Project("{FAE04EC0-301F-11D3-BF4B-00C04F79EFBC}") = "Piddle.Azure.Functions.Testing.ExampleTests", "Piddle.Azure.Functions.Testing.ExampleTests\Piddle.Azure.Functions.Testing.ExampleTests.csproj", "{8C2D5F86-5D63-4683-BFB5-7A87A83E1756}"
EndProject
Global
	GlobalSection(SolutionConfigurationPlatforms) = preSolution
		Debug|Any CPU = Debug|Any CPU
		Release|Any CPU = Release|Any CPU
	EndGlobalSection
	GlobalSection(ProjectConfigurationPlatforms) = postSolution
		{4CEF1081-211F-4A84-9CFC-83071E8DBEAC}.Debug|Any CPU.ActiveCfg = Debug|Any CPU
		{4CEF1081-211F-4A84-9CFC-83071E8DBEAC}.Debug|Any CPU.Build.0 = Debug|Any CPU
		{4CEF1081-211F-4A84-9CFC-83071E8DBEAC}.Release|Any CPU.ActiveCfg = Release|Any CPU
		{4CEF1081-211F-4A84-9CFC-83071E8DBEAC}.Release|Any CPU.Build.0 = Release|Any CPU
		{8C2D5F86-5D63-4683-BFB5-7A87A83E1756}.Debug|Any CPU.ActiveCfg = Debug|Any CPU
		{8C2D5F86-5D63-4683-BFB5-7A87A83E1756}.Debug|Any CPU.Build.0 = Debug|Any CPU
		{8C2D5F86-5D63-4683-BFB5-7A87A83E1756}.Release|Any CPU.ActiveCfg = Release|Any CPU
		{8C2D5F86-5D63-4683-BFB5-7A87A83E1756}.Release|Any CPU.Build.0 = Release|Any CPU
	EndGlobalSection
	GlobalSection(SolutionProperties) = preSolution
		HideSolutionNode = FALSE
	EndGlobalSection
	GlobalSection(ExtensibilityGlobals) = postSolution
		SolutionGuid = {A2F6D7CA-01F9-442A-BC0C-F54D1B22BCF6}
	EndGlobalSection
EndGlobal
